<Solution>
  <Folder Name="/src/">
    <Project Path="src/MomoAI.API/MomoAI.API.csproj" />
    <Project Path="src/MomoAI.Application/MomoAI.Application.csproj" />
    <Project Path="src/MomoAI.Domain/MomoAI.Domain.csproj" />
    <Project Path="src/MomoAI.Infrastructure/MomoAI.Infrastructure.csproj" />
  </Folder>
  <Folder Name="/tests/">
    <Project Path="tests/MomoAI.API.Tests/MomoAI.API.Tests.csproj" />
    <Project Path="tests/MomoAI.Domain.Tests/MomoAI.Domain.Tests.csproj" />
    <Project Path="tests/MomoAI.Infrastructure.Tests/MomoAI.Infrastructure.Tests.csproj" />
  </Folder>
</Solution>
